// !$*UTF8*$!
{
	archiveVersion = 1;
	classes = {
	};
	objectVersion = 77;
	objects = {

/* Begin PBXContainerItemProxy section */
		8E5C0B1D2DAE54200006B943 /* PBXContainerItemProxy */ = {
			isa = PBXContainerItemProxy;
			containerPortal = 8E5C0B042DAE541D0006B943 /* Project object */;
			proxyType = 1;
			remoteGlobalIDString = 8E5C0B0B2DAE541D0006B943;
			remoteInfo = AnthapMusicPlayer;
		};
		8E5C0B272DAE54200006B943 /* PBXContainerItemProxy */ = {
			isa = PBXContainerItemProxy;
			containerPortal = 8E5C0B042DAE541D0006B943 /* Project object */;
			proxyType = 1;
			remoteGlobalIDString = 8E5C0B0B2DAE541D0006B943;
			remoteInfo = AnthapMusicPlayer;
		};
/* End PBXContainerItemProxy section */

/* Begin PBXFileReference section */
		8E5C0B0C2DAE541D0006B943 /* AnthapMusicPlayer.app */ = {isa = PBXFileReference; explicitFileType = wrapper.application; includeInIndex = 0; path = AnthapMusicPlayer.app; sourceTree = BUILT_PRODUCTS_DIR; };
		8E5C0B1C2DAE54200006B943 /* AnthapMusicPlayerTests.xctest */ = {isa = PBXFileReference; explicitFileType = wrapper.cfbundle; includeInIndex = 0; path = AnthapMusicPlayerTests.xctest; sourceTree = BUILT_PRODUCTS_DIR; };
		8E5C0B262DAE54200006B943 /* AnthapMusicPlayerUITests.xctest */ = {isa = PBXFileReference; explicitFileType = wrapper.cfbundle; includeInIndex = 0; path = AnthapMusicPlayerUITests.xctest; sourceTree = BUILT_PRODUCTS_DIR; };
/* End PBXFileReference section */

/* Begin PBXFileSystemSynchronizedRootGroup section */
		8E5C0B0E2DAE541D0006B943 /* AnthapMusicPlayer */ = {
			isa = PBXFileSystemSynchronizedRootGroup;
			path = AnthapMusicPlayer;
			sourceTree = "<group>";
		};
		8E5C0B1F2DAE54200006B943 /* AnthapMusicPlayerTests */ = {
			isa = PBXFileSystemSynchronizedRootGroup;
			path = AnthapMusicPlayerTests;
			sourceTree = "<group>";
		};
		8E5C0B292DAE54200006B943 /* AnthapMusicPlayerUITests */ = {
			isa = PBXFileSystemSynchronizedRootGroup;
			path = AnthapMusicPlayerUITests;
			sourceTree = "<group>";
		};
/* End PBXFileSystemSynchronizedRootGroup section */

/* Begin PBXFrameworksBuildPhase section */
		8E5C0B092DAE541D0006B943 /* Frameworks */ = {
			isa = PBXFrameworksBuildPhase;
			buildActionMask = 2147483647;
			files = (
			);
			runOnlyForDeploymentPostprocessing = 0;
		};
		8E5C0B192DAE54200006B943 /* Frameworks */ = {
			isa = PBXFrameworksBuildPhase;
			buildActionMask = 2147483647;
			files = (
			);
			runOnlyForDeploymentPostprocessing = 0;
		};
		8E5C0B232DAE54200006B943 /* Frameworks */ = {
			isa = PBXFrameworksBuildPhase;
			buildActionMask = 2147483647;
			files = (
			);
			runOnlyForDeploymentPostprocessing = 0;
		};
/* End PBXFrameworksBuildPhase section */

/* Begin PBXGroup section */
		8E5C0B032DAE541D0006B943 = {
			isa = PBXGroup;
			children = (
				8E5C0B0E2DAE541D0006B943 /* AnthapMusicPlayer */,
				8E5C0B1F2DAE54200006B943 /* AnthapMusicPlayerTests */,
				8E5C0B292DAE54200006B943 /* AnthapMusicPlayerUITests */,
				8E5C0B0D2DAE541D0006B943 /* Products */,
			);
			sourceTree = "<group>";
		};
		8E5C0B0D2DAE541D0006B943 /* Products */ = {
			isa = PBXGroup;
			children = (
				8E5C0B0C2DAE541D0006B943 /* AnthapMusicPlayer.app */,
				8E5C0B1C2DAE54200006B943 /* AnthapMusicPlayerTests.xctest */,
				8E5C0B262DAE54200006B943 /* AnthapMusicPlayerUITests.xctest */,
			);
			name = Products;
			sourceTree = "<group>";
		};
/* End PBXGroup section */

/* Begin PBXNativeTarget section */
		8E5C0B0B2DAE541D0006B943 /* AnthapMusicPlayer */ = {
			isa = PBXNativeTarget;
			buildConfigurationList = 8E5C0B302DAE54200006B943 /* Build configuration list for PBXNativeTarget "AnthapMusicPlayer" */;
			buildPhases = (
				8E5C0B082DAE541D0006B943 /* Sources */,
				8E5C0B092DAE541D0006B943 /* Frameworks */,
				8E5C0B0A2DAE541D0006B943 /* Resources */,
			);
			buildRules = (
			);
			dependencies = (
			);
			fileSystemSynchronizedGroups = (
				8E5C0B0E2DAE541D0006B943 /* AnthapMusicPlayer */,
			);
			name = AnthapMusicPlayer;
			packageProductDependencies = (
			);
			productName = AnthapMusicPlayer;
			productReference = 8E5C0B0C2DAE541D0006B943 /* AnthapMusicPlayer.app */;
			productType = "com.apple.product-type.application";
		};
		8E5C0B1B2DAE54200006B943 /* AnthapMusicPlayerTests */ = {
			isa = PBXNativeTarget;
			buildConfigurationList = 8E5C0B332DAE54200006B943 /* Build configuration list for PBXNativeTarget "AnthapMusicPlayerTests" */;
			buildPhases = (
				8E5C0B182DAE54200006B943 /* Sources */,
				8E5C0B192DAE54200006B943 /* Frameworks */,
				8E5C0B1A2DAE54200006B943 /* Resources */,
			);
			buildRules = (
			);
			dependencies = (
				8E5C0B1E2DAE54200006B943 /* PBXTargetDependency */,
			);
			fileSystemSynchronizedGroups = (
				8E5C0B1F2DAE54200006B943 /* AnthapMusicPlayerTests */,
			);
			name = AnthapMusicPlayerTests;
			packageProductDependencies = (
			);
			productName = AnthapMusicPlayerTests;
			productReference = 8E5C0B1C2DAE54200006B943 /* AnthapMusicPlayerTests.xctest */;
			productType = "com.apple.product-type.bundle.unit-test";
		};
		8E5C0B252DAE54200006B943 /* AnthapMusicPlayerUITests */ = {
			isa = PBXNativeTarget;
			buildConfigurationList = 8E5C0B362DAE54200006B943 /* Build configuration list for PBXNativeTarget "AnthapMusicPlayerUITests" */;
			buildPhases = (
				8E5C0B222DAE54200006B943 /* Sources */,
				8E5C0B232DAE54200006B943 /* Frameworks */,
				8E5C0B242DAE54200006B943 /* Resources */,
			);
			buildRules = (
			);
			dependencies = (
				8E5C0B282DAE54200006B943 /* PBXTargetDependency */,
			);
			fileSystemSynchronizedGroups = (
				8E5C0B292DAE54200006B943 /* AnthapMusicPlayerUITests */,
			);
			name = AnthapMusicPlayerUITests;
			packageProductDependencies = (
			);
			productName = AnthapMusicPlayerUITests;
			productReference = 8E5C0B262DAE54200006B943 /* AnthapMusicPlayerUITests.xctest */;
			productType = "com.apple.product-type.bundle.ui-testing";
		};
/* End PBXNativeTarget section */

/* Begin PBXProject section */
		8E5C0B042DAE541D0006B943 /* Project object */ = {
			isa = PBXProject;
			attributes = {
				BuildIndependentTargetsInParallel = 1;
				LastSwiftUpdateCheck = 1620;
				LastUpgradeCheck = 1620;
				TargetAttributes = {
					8E5C0B0B2DAE541D0006B943 = {
						CreatedOnToolsVersion = 16.2;
					};
					8E5C0B1B2DAE54200006B943 = {
						CreatedOnToolsVersion = 16.2;
						TestTargetID = 8E5C0B0B2DAE541D0006B943;
					};
					8E5C0B252DAE54200006B943 = {
						CreatedOnToolsVersion = 16.2;
						TestTargetID = 8E5C0B0B2DAE541D0006B943;
					};
				};
			};
			buildConfigurationList = 8E5C0B072DAE541D0006B943 /* Build configuration list for PBXProject "AnthapMusicPlayer" */;
			developmentRegion = en;
			hasScannedForEncodings = 0;
			knownRegions = (
				en,
				Base,
			);
			mainGroup = 8E5C0B032DAE541D0006B943;
			minimizedProjectReferenceProxies = 1;
			preferredProjectObjectVersion = 77;
			productRefGroup = 8E5C0B0D2DAE541D0006B943 /* Products */;
			projectDirPath = "";
			projectRoot = "";
			targets = (
				8E5C0B0B2DAE541D0006B943 /* AnthapMusicPlayer */,
				8E5C0B1B2DAE54200006B943 /* AnthapMusicPlayerTests */,
				8E5C0B252DAE54200006B943 /* AnthapMusicPlayerUITests */,
			);
		};
/* End PBXProject section */

/* Begin PBXResourcesBuildPhase section */
		8E5C0B0A2DAE541D0006B943 /* Resources */ = {
			isa = PBXResourcesBuildPhase;
			buildActionMask = 2147483647;
			files = (
			);
			runOnlyForDeploymentPostprocessing = 0;
		};
		8E5C0B1A2DAE54200006B943 /* Resources */ = {
			isa = PBXResourcesBuildPhase;
			buildActionMask = 2147483647;
			files = (
			);
			runOnlyForDeploymentPostprocessing = 0;
		};
		8E5C0B242DAE54200006B943 /* Resources */ = {
			isa = PBXResourcesBuildPhase;
			buildActionMask = 2147483647;
			files = (
			);
			runOnlyForDeploymentPostprocessing = 0;
		};
/* End PBXResourcesBuildPhase section */

/* Begin PBXSourcesBuildPhase section */
		8E5C0B082DAE541D0006B943 /* Sources */ = {
			isa = PBXSourcesBuildPhase;
			buildActionMask = 2147483647;
			files = (
			);
			runOnlyForDeploymentPostprocessing = 0;
		};
		8E5C0B182DAE54200006B943 /* Sources */ = {
			isa = PBXSourcesBuildPhase;
			buildActionMask = 2147483647;
			files = (
			);
			runOnlyForDeploymentPostprocessing = 0;
		};
		8E5C0B222DAE54200006B943 /* Sources */ = {
			isa = PBXSourcesBuildPhase;
			buildActionMask = 2147483647;
			files = (
			);
			runOnlyForDeploymentPostprocessing = 0;
		};
/* End PBXSourcesBuildPhase section */

/* Begin PBXTargetDependency section */
		8E5C0B1E2DAE54200006B943 /* PBXTargetDependency */ = {
			isa = PBXTargetDependency;
			target = 8E5C0B0B2DAE541D0006B943 /* AnthapMusicPlayer */;
			targetProxy = 8E5C0B1D2DAE54200006B943 /* PBXContainerItemProxy */;
		};
		8E5C0B282DAE54200006B943 /* PBXTargetDependency */ = {
			isa = PBXTargetDependency;
			target = 8E5C0B0B2DAE541D0006B943 /* AnthapMusicPlayer */;
			targetProxy = 8E5C0B272DAE54200006B943 /* PBXContainerItemProxy */;
		};
/* End PBXTargetDependency section */

/* Begin XCBuildConfiguration section */
		8E5C0B2E2DAE54200006B943 /* Debug */ = {
			isa = XCBuildConfiguration;
			buildSettings = {
				ALWAYS_SEARCH_USER_PATHS = NO;
				ASSETCATALOG_COMPILER_GENERATE_SWIFT_ASSET_SYMBOL_EXTENSIONS = YES;
				CLANG_ANALYZER_NONNULL = YES;
				CLANG_ANALYZER_NUMBER_OBJECT_CONVERSION = YES_AGGRESSIVE;
				CLANG_CXX_LANGUAGE_STANDARD = "gnu++20";
				CLANG_ENABLE_MODULES = YES;
				CLANG_ENABLE_OBJC_ARC = YES;
				CLANG_ENABLE_OBJC_WEAK = YES;
				CLANG_WARN_BLOCK_CAPTURE_AUTORELEASING = YES;
				CLANG_WARN_BOOL_CONVERSION = YES;
				CLANG_WARN_COMMA = YES;
				CLANG_WARN_CONSTANT_CONVERSION = YES;
				CLANG_WARN_DEPRECATED_OBJC_IMPLEMENTATIONS = YES;
				CLANG_WARN_DIRECT_OBJC_ISA_USAGE = YES_ERROR;
				CLANG_WARN_DOCUMENTATION_COMMENTS = YES;
				CLANG_WARN_EMPTY_BODY = YES;
				CLANG_WARN_ENUM_CONVERSION = YES;
				CLANG_WARN_INFINITE_RECURSION = YES;
				CLANG_WARN_INT_CONVERSION = YES;
				CLANG_WARN_NON_LITERAL_NULL_CONVERSION = YES;
				CLANG_WARN_OBJC_IMPLICIT_RETAIN_SELF = YES;
				CLANG_WARN_OBJC_LITERAL_CONVERSION = YES;
				CLANG_WARN_OBJC_ROOT_CLASS = YES_ERROR;
				CLANG_WARN_QUOTED_INCLUDE_IN_FRAMEWORK_HEADER = YES;
				CLANG_WARN_RANGE_LOOP_ANALYSIS = YES;
				CLANG_WARN_STRICT_PROTOTYPES = YES;
				CLANG_WARN_SUSPICIOUS_MOVE = YES;
				CLANG_WARN_UNGUARDED_AVAILABILITY = YES_AGGRESSIVE;
				CLANG_WARN_UNREACHABLE_CODE = YES;
				CLANG_WARN__DUPLICATE_METHOD_MATCH = YES;
				COPY_PHASE_STRIP = NO;
				DEBUG_INFORMATION_FORMAT = dwarf;
				ENABLE_STRICT_OBJC_MSGSEND = YES;
				ENABLE_TESTABILITY = YES;
				ENABLE_USER_SCRIPT_SANDBOXING = YES;
				GCC_C_LANGUAGE_STANDARD = gnu17;
				GCC_DYNAMIC_NO_PIC = NO;
				GCC_NO_COMMON_BLOCKS = YES;
				GCC_OPTIMIZATION_LEVEL = 0;
				GCC_PREPROCESSOR_DEFINITIONS = (
					"DEBUG=1",
					"$(inherited)",
				);
				GCC_WARN_64_TO_32_BIT_CONVERSION = YES;
				GCC_WARN_ABOUT_RETURN_TYPE = YES_ERROR;
				GCC_WARN_UNDECLARED_SELECTOR = YES;
				GCC_WARN_UNINITIALIZED_AUTOS = YES_AGGRESSIVE;
				GCC_WARN_UNUSED_FUNCTION = YES;
				GCC_WARN_UNUSED_VARIABLE = YES;
				IPHONEOS_DEPLOYMENT_TARGET = 18.2;
				LOCALIZATION_PREFERS_STRING_CATALOGS = YES;
				MTL_ENABLE_DEBUG_INFO = INCLUDE_SOURCE;
				MTL_FAST_MATH = YES;
				ONLY_ACTIVE_ARCH = YES;
				SDKROOT = iphoneos;
				SWIFT_ACTIVE_COMPILATION_CONDITIONS = "DEBUG $(inherited)";
				SWIFT_OPTIMIZATION_LEVEL = "-Onone";
			};
			name = Debug;
		};
		8E5C0B2F2DAE54200006B943 /* Release */ = {
			isa = XCBuildConfiguration;
			buildSettings = {
				ALWAYS_SEARCH_USER_PATHS = NO;
				ASSETCATALOG_COMPILER_GENERATE_SWIFT_ASSET_SYMBOL_EXTENSIONS = YES;
				CLANG_ANALYZER_NONNULL = YES;
				CLANG_ANALYZER_NUMBER_OBJECT_CONVERSION = YES_AGGRESSIVE;
				CLANG_CXX_LANGUAGE_STANDARD = "gnu++20";
				CLANG_ENABLE_MODULES = YES;
				CLANG_ENABLE_OBJC_ARC = YES;
				CLANG_ENABLE_OBJC_WEAK = YES;
				CLANG_WARN_BLOCK_CAPTURE_AUTORELEASING = YES;
				CLANG_WARN_BOOL_CONVERSION = YES;
				CLANG_WARN_COMMA = YES;
				CLANG_WARN_CONSTANT_CONVERSION = YES;
				CLANG_WARN_DEPRECATED_OBJC_IMPLEMENTATIONS = YES;
				CLANG_WARN_DIRECT_OBJC_ISA_USAGE = YES_ERROR;
				CLANG_WARN_DOCUMENTATION_COMMENTS = YES;
				CLANG_WARN_EMPTY_BODY = YES;
				CLANG_WARN_ENUM_CONVERSION = YES;
				CLANG_WARN_INFINITE_RECURSION = YES;
				CLANG_WARN_INT_CONVERSION = YES;
				CLANG_WARN_NON_LITERAL_NULL_CONVERSION = YES;
				CLANG_WARN_OBJC_IMPLICIT_RETAIN_SELF = YES;
				CLANG_WARN_OBJC_LITERAL_CONVERSION = YES;
				CLANG_WARN_OBJC_ROOT_CLASS = YES_ERROR;
				CLANG_WARN_QUOTED_INCLUDE_IN_FRAMEWORK_HEADER = YES;
				CLANG_WARN_RANGE_LOOP_ANALYSIS = YES;
				CLANG_WARN_STRICT_PROTOTYPES = YES;
				CLANG_WARN_SUSPICIOUS_MOVE = YES;
				CLANG_WARN_UNGUARDED_AVAILABILITY = YES_AGGRESSIVE;
				CLANG_WARN_UNREACHABLE_CODE = YES;
				CLANG_WARN__DUPLICATE_METHOD_MATCH = YES;
				COPY_PHASE_STRIP = NO;
				DEBUG_INFORMATION_FORMAT = "dwarf-with-dsym";
				ENABLE_NS_ASSERTIONS = NO;
				ENABLE_STRICT_OBJC_MSGSEND = YES;
				ENABLE_USER_SCRIPT_SANDBOXING = YES;
				GCC_C_LANGUAGE_STANDARD = gnu17;
				GCC_NO_COMMON_BLOCKS = YES;
				GCC_WARN_64_TO_32_BIT_CONVERSION = YES;
				GCC_WARN_ABOUT_RETURN_TYPE = YES_ERROR;
				GCC_WARN_UNDECLARED_SELECTOR = YES;
				GCC_WARN_UNINITIALIZED_AUTOS = YES_AGGRESSIVE;
				GCC_WARN_UNUSED_FUNCTION = YES;
				GCC_WARN_UNUSED_VARIABLE = YES;
				IPHONEOS_DEPLOYMENT_TARGET = 18.2;
				LOCALIZATION_PREFERS_STRING_CATALOGS = YES;
				MTL_ENABLE_DEBUG_INFO = NO;
				MTL_FAST_MATH = YES;
				SDKROOT = iphoneos;
				SWIFT_COMPILATION_MODE = wholemodule;
				VALIDATE_PRODUCT = YES;
			};
			name = Release;
		};
		8E5C0B312DAE54200006B943 /* Debug */ = {
			isa = XCBuildConfiguration;
			buildSettings = {
				ASSETCATALOG_COMPILER_APPICON_NAME = AppIcon;
				ASSETCATALOG_COMPILER_GLOBAL_ACCENT_COLOR_NAME = AccentColor;
				CODE_SIGN_STYLE = Automatic;
				CURRENT_PROJECT_VERSION = 1;
				DEVELOPMENT_ASSET_PATHS = "\"AnthapMusicPlayer/Preview Content\"";
				ENABLE_PREVIEWS = YES;
				GENERATE_INFOPLIST_FILE = YES;
				INFOPLIST_KEY_UIApplicationSceneManifest_Generation = YES;
				INFOPLIST_KEY_UIApplicationSupportsIndirectInputEvents = YES;
				INFOPLIST_KEY_UILaunchScreen_Generation = YES;
				INFOPLIST_KEY_UISupportedInterfaceOrientations_iPad = "UIInterfaceOrientationPortrait UIInterfaceOrientationPortraitUpsideDown UIInterfaceOrientationLandscapeLeft UIInterfaceOrientationLandscapeRight";
				INFOPLIST_KEY_UISupportedInterfaceOrientations_iPhone = "UIInterfaceOrientationPortrait UIInterfaceOrientationLandscapeLeft UIInterfaceOrientationLandscapeRight";
				LD_RUNPATH_SEARCH_PATHS = (
					"$(inherited)",
					"@executable_path/Frameworks",
				);
				MARKETING_VERSION = 1.0;
				PRODUCT_BUNDLE_IDENTIFIER = zsd.name.AnthapMusicPlayer;
				PRODUCT_NAME = "$(TARGET_NAME)";
				SWIFT_EMIT_LOC_STRINGS = YES;
				SWIFT_VERSION = 5.0;
				TARGETED_DEVICE_FAMILY = "1,2";
			};
			name = Debug;
		};
		8E5C0B322DAE54200006B943 /* Release */ = {
			isa = XCBuildConfiguration;
			buildSettings = {
				ASSETCATALOG_COMPILER_APPICON_NAME = AppIcon;
				ASSETCATALOG_COMPILER_GLOBAL_ACCENT_COLOR_NAME = AccentColor;
				CODE_SIGN_STYLE = Automatic;
				CURRENT_PROJECT_VERSION = 1;
				DEVELOPMENT_ASSET_PATHS = "\"AnthapMusicPlayer/Preview Content\"";
				ENABLE_PREVIEWS = YES;
				GENERATE_INFOPLIST_FILE = YES;
				INFOPLIST_KEY_UIApplicationSceneManifest_Generation = YES;
				INFOPLIST_KEY_UIApplicationSupportsIndirectInputEvents = YES;
				INFOPLIST_KEY_UILaunchScreen_Generation = YES;
				INFOPLIST_KEY_UISupportedInterfaceOrientations_iPad = "UIInterfaceOrientationPortrait UIInterfaceOrientationPortraitUpsideDown UIInterfaceOrientationLandscapeLeft UIInterfaceOrientationLandscapeRight";
				INFOPLIST_KEY_UISupportedInterfaceOrientations_iPhone = "UIInterfaceOrientationPortrait UIInterfaceOrientationLandscapeLeft UIInterfaceOrientationLandscapeRight";
				LD_RUNPATH_SEARCH_PATHS = (
					"$(inherited)",
					"@executable_path/Frameworks",
				);
				MARKETING_VERSION = 1.0;
				PRODUCT_BUNDLE_IDENTIFIER = zsd.name.AnthapMusicPlayer;
				PRODUCT_NAME = "$(TARGET_NAME)";
				SWIFT_EMIT_LOC_STRINGS = YES;
				SWIFT_VERSION = 5.0;
				TARGETED_DEVICE_FAMILY = "1,2";
			};
			name = Release;
		};
		8E5C0B342DAE54200006B943 /* Debug */ = {
			isa = XCBuildConfiguration;
			buildSettings = {
				BUNDLE_LOADER = "$(TEST_HOST)";
				CODE_SIGN_STYLE = Automatic;
				CURRENT_PROJECT_VERSION = 1;
				GENERATE_INFOPLIST_FILE = YES;
				IPHONEOS_DEPLOYMENT_TARGET = 18.2;
				MARKETING_VERSION = 1.0;
				PRODUCT_BUNDLE_IDENTIFIER = zsd.name.AnthapMusicPlayerTests;
				PRODUCT_NAME = "$(TARGET_NAME)";
				SWIFT_EMIT_LOC_STRINGS = NO;
				SWIFT_VERSION = 5.0;
				TARGETED_DEVICE_FAMILY = "1,2";
				TEST_HOST = "$(BUILT_PRODUCTS_DIR)/AnthapMusicPlayer.app/$(BUNDLE_EXECUTABLE_FOLDER_PATH)/AnthapMusicPlayer";
			};
			name = Debug;
		};
		8E5C0B352DAE54200006B943 /* Release */ = {
			isa = XCBuildConfiguration;
			buildSettings = {
				BUNDLE_LOADER = "$(TEST_HOST)";
				CODE_SIGN_STYLE = Automatic;
				CURRENT_PROJECT_VERSION = 1;
				GENERATE_INFOPLIST_FILE = YES;
				IPHONEOS_DEPLOYMENT_TARGET = 18.2;
				MARKETING_VERSION = 1.0;
				PRODUCT_BUNDLE_IDENTIFIER = zsd.name.AnthapMusicPlayerTests;
				PRODUCT_NAME = "$(TARGET_NAME)";
				SWIFT_EMIT_LOC_STRINGS = NO;
				SWIFT_VERSION = 5.0;
				TARGETED_DEVICE_FAMILY = "1,2";
				TEST_HOST = "$(BUILT_PRODUCTS_DIR)/AnthapMusicPlayer.app/$(BUNDLE_EXECUTABLE_FOLDER_PATH)/AnthapMusicPlayer";
			};
			name = Release;
		};
		8E5C0B372DAE54200006B943 /* Debug */ = {
			isa = XCBuildConfiguration;
			buildSettings = {
				CODE_SIGN_STYLE = Automatic;
				CURRENT_PROJECT_VERSION = 1;
				GENERATE_INFOPLIST_FILE = YES;
				MARKETING_VERSION = 1.0;
				PRODUCT_BUNDLE_IDENTIFIER = zsd.name.AnthapMusicPlayerUITests;
				PRODUCT_NAME = "$(TARGET_NAME)";
				SWIFT_EMIT_LOC_STRINGS = NO;
				SWIFT_VERSION = 5.0;
				TARGETED_DEVICE_FAMILY = "1,2";
				TEST_TARGET_NAME = AnthapMusicPlayer;
			};
			name = Debug;
		};
		8E5C0B382DAE54200006B943 /* Release */ = {
			isa = XCBuildConfiguration;
			buildSettings = {
				CODE_SIGN_STYLE = Automatic;
				CURRENT_PROJECT_VERSION = 1;
				GENERATE_INFOPLIST_FILE = YES;
				MARKETING_VERSION = 1.0;
				PRODUCT_BUNDLE_IDENTIFIER = zsd.name.AnthapMusicPlayerUITests;
				PRODUCT_NAME = "$(TARGET_NAME)";
				SWIFT_EMIT_LOC_STRINGS = NO;
				SWIFT_VERSION = 5.0;
				TARGETED_DEVICE_FAMILY = "1,2";
				TEST_TARGET_NAME = AnthapMusicPlayer;
			};
			name = Release;
		};
/* End XCBuildConfiguration section */

/* Begin XCConfigurationList section */
		8E5C0B072DAE541D0006B943 /* Build configuration list for PBXProject "AnthapMusicPlayer" */ = {
			isa = XCConfigurationList;
			buildConfigurations = (
				8E5C0B2E2DAE54200006B943 /* Debug */,
				8E5C0B2F2DAE54200006B943 /* Release */,
			);
			defaultConfigurationIsVisible = 0;
			defaultConfigurationName = Release;
		};
		8E5C0B302DAE54200006B943 /* Build configuration list for PBXNativeTarget "AnthapMusicPlayer" */ = {
			isa = XCConfigurationList;
			buildConfigurations = (
				8E5C0B312DAE54200006B943 /* Debug */,
				8E5C0B322DAE54200006B943 /* Release */,
			);
			defaultConfigurationIsVisible = 0;
			defaultConfigurationName = Release;
		};
		8E5C0B332DAE54200006B943 /* Build configuration list for PBXNativeTarget "AnthapMusicPlayerTests" */ = {
			isa = XCConfigurationList;
			buildConfigurations = (
				8E5C0B342DAE54200006B943 /* Debug */,
				8E5C0B352DAE54200006B943 /* Release */,
			);
			defaultConfigurationIsVisible = 0;
			defaultConfigurationName = Release;
		};
		8E5C0B362DAE54200006B943 /* Build configuration list for PBXNativeTarget "AnthapMusicPlayerUITests" */ = {
			isa = XCConfigurationList;
			buildConfigurations = (
				8E5C0B372DAE54200006B943 /* Debug */,
				8E5C0B382DAE54200006B943 /* Release */,
			);
			defaultConfigurationIsVisible = 0;
			defaultConfigurationName = Release;
		};
/* End XCConfigurationList section */
	};
	rootObject = 8E5C0B042DAE541D0006B943 /* Project object */;
}
